// !$*UTF8*$!
{
	archiveVersion = 1;
	classes = {
	};
	objectVersion = 50;
	objects = {

/* Begin PBXBuildFile section */
		0ECD8A2622D6EB52000F6A64 /* Assets.xcassets in Resources */ = {isa = PBXBuildFile; fileRef = 0ECD8A2522D6EB52000F6A64 /* Assets.xcassets */; };
		0ECD8A9222D71913000F6A64 /* Model.swift in Sources */ = {isa = PBXBuildFile; fileRef = 0ECD8A8422D71913000F6A64 /* Model.swift */; };
		0ECD8A9322D71913000F6A64 /* LaunchScreen.storyboard in Resources */ = {isa = PBXBuildFile; fileRef = 0ECD8A8622D71913000F6A64 /* LaunchScreen.storyboard */; };
		0ECD8A9422D71913000F6A64 /* Main.storyboard in Resources */ = {isa = PBXBuildFile; fileRef = 0ECD8A8822D71913000F6A64 /* Main.storyboard */; };
		0ECD8A9522D71913000F6A64 /* ViewModel.swift in Sources */ = {isa = PBXBuildFile; fileRef = 0ECD8A8B22D71913000F6A64 /* ViewModel.swift */; };
		0ECD8A9622D71913000F6A64 /* AppDelegate.swift in Sources */ = {isa = PBXBuildFile; fileRef = 0ECD8A8D22D71913000F6A64 /* AppDelegate.swift */; };
		0ECD8A9722D71913000F6A64 /* ViewController.swift in Sources */ = {isa = PBXBuildFile; fileRef = 0ECD8A9022D71913000F6A64 /* ViewController.swift */; };
		0ECD8A9822D71913000F6A64 /* DetailViewController.swift in Sources */ = {isa = PBXBuildFile; fileRef = 0ECD8A9122D71913000F6A64 /* DetailViewController.swift */; };
/* End PBXBuildFile section */

/* Begin PBXFileReference section */
		0ECD8A1B22D6EB4F000F6A64 /* try.mvvm.app */ = {isa = PBXFileReference; explicitFileType = wrapper.application; includeInIndex = 0; path = try.mvvm.app; sourceTree = BUILT_PRODUCTS_DIR; };
		0ECD8A2522D6EB52000F6A64 /* Assets.xcassets */ = {isa = PBXFileReference; lastKnownFileType = folder.assetcatalog; path = Assets.xcassets; sourceTree = "<group>"; };
		0ECD8A2A22D6EB52000F6A64 /* Info.plist */ = {isa = PBXFileReference; lastKnownFileType = text.plist.xml; path = Info.plist; sourceTree = "<group>"; };
		0ECD8A8422D71913000F6A64 /* Model.swift */ = {isa = PBXFileReference; fileEncoding = 4; lastKnownFileType = sourcecode.swift; path = Model.swift; sourceTree = "<group>"; };
		0ECD8A8722D71913000F6A64 /* Base */ = {isa = PBXFileReference; lastKnownFileType = file.storyboard; name = Base; path = Base.lproj/LaunchScreen.storyboard; sourceTree = "<group>"; };
		0ECD8A8922D71913000F6A64 /* Base */ = {isa = PBXFileReference; lastKnownFileType = file.storyboard; name = Base; path = Base.lproj/Main.storyboard; sourceTree = "<group>"; };
		0ECD8A8B22D71913000F6A64 /* ViewModel.swift */ = {isa = PBXFileReference; fileEncoding = 4; lastKnownFileType = sourcecode.swift; path = ViewModel.swift; sourceTree = "<group>"; };
		0ECD8A8D22D71913000F6A64 /* AppDelegate.swift */ = {isa = PBXFileReference; fileEncoding = 4; lastKnownFileType = sourcecode.swift; path = AppDelegate.swift; sourceTree = "<group>"; };
		0ECD8A9022D71913000F6A64 /* ViewController.swift */ = {isa = PBXFileReference; fileEncoding = 4; lastKnownFileType = sourcecode.swift; path = ViewController.swift; sourceTree = "<group>"; };
		0ECD8A9122D71913000F6A64 /* DetailViewController.swift */ = {isa = PBXFileReference; fileEncoding = 4; lastKnownFileType = sourcecode.swift; path = DetailViewController.swift; sourceTree = "<group>"; };
/* End PBXFileReference section */

/* Begin PBXFrameworksBuildPhase section */
		0ECD8A1822D6EB4F000F6A64 /* Frameworks */ = {
			isa = PBXFrameworksBuildPhase;
			buildActionMask = 2147483647;
			files = (
			);
			runOnlyForDeploymentPostprocessing = 0;
		};
/* End PBXFrameworksBuildPhase section */

/* Begin PBXGroup section */
		0ECD8A1222D6EB4F000F6A64 = {
			isa = PBXGroup;
			children = (
				0ECD8A1D22D6EB4F000F6A64 /* try.mvvm */,
				0ECD8A1C22D6EB4F000F6A64 /* Products */,
			);
			sourceTree = "<group>";
		};
		0ECD8A1C22D6EB4F000F6A64 /* Products */ = {
			isa = PBXGroup;
			children = (
				0ECD8A1B22D6EB4F000F6A64 /* try.mvvm.app */,
			);
			name = Products;
			sourceTree = "<group>";
		};
		0ECD8A1D22D6EB4F000F6A64 /* try.mvvm */ = {
			isa = PBXGroup;
			children = (
				0ECD8A8F22D71913000F6A64 /* Controller */,
				0ECD8A8E22D71913000F6A64 /* Model */,
				0ECD8A8C22D71913000F6A64 /* Supporting Files */,
				0ECD8A8522D71913000F6A64 /* View */,
				0ECD8A8A22D71913000F6A64 /* View Model */,
				0ECD8A2522D6EB52000F6A64 /* Assets.xcassets */,
				0ECD8A2A22D6EB52000F6A64 /* Info.plist */,
			);
			path = try.mvvm;
			sourceTree = "<group>";
		};
		0ECD8A8522D71913000F6A64 /* View */ = {
			isa = PBXGroup;
			children = (
				0ECD8A8622D71913000F6A64 /* LaunchScreen.storyboard */,
				0ECD8A8822D71913000F6A64 /* Main.storyboard */,
			);
			path = View;
			sourceTree = "<group>";
		};
		0ECD8A8A22D71913000F6A64 /* View Model */ = {
			isa = PBXGroup;
			children = (
				0ECD8A8B22D71913000F6A64 /* ViewModel.swift */,
			);
			path = "View Model";
			sourceTree = "<group>";
		};
		0ECD8A8C22D71913000F6A64 /* Supporting Files */ = {
			isa = PBXGroup;
			children = (
				0ECD8A8D22D71913000F6A64 /* AppDelegate.swift */,
			);
			path = "Supporting Files";
			sourceTree = "<group>";
		};
		0ECD8A8E22D71913000F6A64 /* Model */ = {
			isa = PBXGroup;
			children = (
				0ECD8A8422D71913000F6A64 /* Model.swift */,
			);
			path = Model;
			sourceTree = "<group>";
		};
		0ECD8A8F22D71913000F6A64 /* Controller */ = {
			isa = PBXGroup;
			children = (
				0ECD8A9022D71913000F6A64 /* ViewController.swift */,
				0ECD8A9122D71913000F6A64 /* DetailViewController.swift */,
			);
			path = Controller;
			sourceTree = "<group>";
		};
/* End PBXGroup section */

/* Begin PBXNativeTarget section */
		0ECD8A1A22D6EB4F000F6A64 /* try.mvvm */ = {
			isa = PBXNativeTarget;
			buildConfigurationList = 0ECD8A2D22D6EB52000F6A64 /* Build configuration list for PBXNativeTarget "try.mvvm" */;
			buildPhases = (
				0ECD8A1722D6EB4F000F6A64 /* Sources */,
				0ECD8A1822D6EB4F000F6A64 /* Frameworks */,
				0ECD8A1922D6EB4F000F6A64 /* Resources */,
			);
			buildRules = (
			);
			dependencies = (
			);
			name = try.mvvm;
			productName = try.mvvm;
			productReference = 0ECD8A1B22D6EB4F000F6A64 /* try.mvvm.app */;
			productType = "com.apple.product-type.application";
		};
/* End PBXNativeTarget section */

/* Begin PBXProject section */
		0ECD8A1322D6EB4F000F6A64 /* Project object */ = {
			isa = PBXProject;
			attributes = {
				LastSwiftUpdateCheck = 1020;
				LastUpgradeCheck = 1020;
				ORGANIZATIONNAME = "CHAN Hong Wing";
				TargetAttributes = {
					0ECD8A1A22D6EB4F000F6A64 = {
						CreatedOnToolsVersion = 10.2.1;
					};
				};
			};
			buildConfigurationList = 0ECD8A1622D6EB4F000F6A64 /* Build configuration list for PBXProject "try.mvvm" */;
			compatibilityVersion = "Xcode 9.3";
			developmentRegion = en;
			hasScannedForEncodings = 0;
			knownRegions = (
				en,
				Base,
			);
			mainGroup = 0ECD8A1222D6EB4F000F6A64;
			productRefGroup = 0ECD8A1C22D6EB4F000F6A64 /* Products */;
			projectDirPath = "";
			projectRoot = "";
			targets = (
				0ECD8A1A22D6EB4F000F6A64 /* try.mvvm */,
			);
		};
/* End PBXProject section */

/* Begin PBXResourcesBuildPhase section */
		0ECD8A1922D6EB4F000F6A64 /* Resources */ = {
			isa = PBXResourcesBuildPhase;
			buildActionMask = 2147483647;
			files = (
				0ECD8A9422D71913000F6A64 /* Main.storyboard in Resources */,
				0ECD8A9322D71913000F6A64 /* LaunchScreen.storyboard in Resources */,
				0ECD8A2622D6EB52000F6A64 /* Assets.xcassets in Resources */,
			);
			runOnlyForDeploymentPostprocessing = 0;
		};
/* End PBXResourcesBuildPhase section */

/* Begin PBXSourcesBuildPhase section */
		0ECD8A1722D6EB4F000F6A64 /* Sources */ = {
			isa = PBXSourcesBuildPhase;
			buildActionMask = 2147483647;
			files = (
				0ECD8A9722D71913000F6A64 /* ViewController.swift in Sources */,
				0ECD8A9222D71913000F6A64 /* Model.swift in Sources */,
				0ECD8A9522D71913000F6A64 /* ViewModel.swift in Sources */,
				0ECD8A9622D71913000F6A64 /* AppDelegate.swift in Sources */,
				0ECD8A9822D71913000F6A64 /* DetailViewController.swift in Sources */,
			);
			runOnlyForDeploymentPostprocessing = 0;
		};
/* End PBXSourcesBuildPhase section */

/* Begin PBXVariantGroup section */
		0ECD8A8622D71913000F6A64 /* LaunchScreen.storyboard */ = {
			isa = PBXVariantGroup;
			children = (
				0ECD8A8722D71913000F6A64 /* Base */,
			);
			name = LaunchScreen.storyboard;
			sourceTree = "<group>";
		};
		0ECD8A8822D71913000F6A64 /* Main.storyboard */ = {
			isa = PBXVariantGroup;
			children = (
				0ECD8A8922D71913000F6A64 /* Base */,
			);
			name = Main.storyboard;
			sourceTree = "<group>";
		};
/* End PBXVariantGroup section */

/* Begin XCBuildConfiguration section */
		0ECD8A2B22D6EB52000F6A64 /* Debug */ = {
			isa = XCBuildConfiguration;
			buildSettings = {
				ALWAYS_SEARCH_USER_PATHS = NO;
				CLANG_ANALYZER_NONNULL = YES;
				CLANG_ANALYZER_NUMBER_OBJECT_CONVERSION = YES_AGGRESSIVE;
				CLANG_CXX_LANGUAGE_STANDARD = "gnu++14";
				CLANG_CXX_LIBRARY = "libc++";
				CLANG_ENABLE_MODULES = YES;
				CLANG_ENABLE_OBJC_ARC = YES;
				CLANG_ENABLE_OBJC_WEAK = YES;
				CLANG_WARN_BLOCK_CAPTURE_AUTORELEASING = YES;
				CLANG_WARN_BOOL_CONVERSION = YES;
				CLANG_WARN_COMMA = YES;
				CLANG_WARN_CONSTANT_CONVERSION = YES;
				CLANG_WARN_DEPRECATED_OBJC_IMPLEMENTATIONS = YES;
				CLANG_WARN_DIRECT_OBJC_ISA_USAGE = YES_ERROR;
				CLANG_WARN_DOCUMENTATION_COMMENTS = YES;
				CLANG_WARN_EMPTY_BODY = YES;
				CLANG_WARN_ENUM_CONVERSION = YES;
				CLANG_WARN_INFINITE_RECURSION = YES;
				CLANG_WARN_INT_CONVERSION = YES;
				CLANG_WARN_NON_LITERAL_NULL_CONVERSION = YES;
				CLANG_WARN_OBJC_IMPLICIT_RETAIN_SELF = YES;
				CLANG_WARN_OBJC_LITERAL_CONVERSION = YES;
				CLANG_WARN_OBJC_ROOT_CLASS = YES_ERROR;
				CLANG_WARN_RANGE_LOOP_ANALYSIS = YES;
				CLANG_WARN_STRICT_PROTOTYPES = YES;
				CLANG_WARN_SUSPICIOUS_MOVE = YES;
				CLANG_WARN_UNGUARDED_AVAILABILITY = YES_AGGRESSIVE;
				CLANG_WARN_UNREACHABLE_CODE = YES;
				CLANG_WARN__DUPLICATE_METHOD_MATCH = YES;
				CODE_SIGN_IDENTITY = "iPhone Developer";
				COPY_PHASE_STRIP = NO;
				DEBUG_INFORMATION_FORMAT = dwarf;
				ENABLE_STRICT_OBJC_MSGSEND = YES;
				ENABLE_TESTABILITY = YES;
				GCC_C_LANGUAGE_STANDARD = gnu11;
				GCC_DYNAMIC_NO_PIC = NO;
				GCC_NO_COMMON_BLOCKS = YES;
				GCC_OPTIMIZATION_LEVEL = 0;
				GCC_PREPROCESSOR_DEFINITIONS = (
					"DEBUG=1",
					"$(inherited)",
				);
				GCC_WARN_64_TO_32_BIT_CONVERSION = YES;
				GCC_WARN_ABOUT_RETURN_TYPE = YES_ERROR;
				GCC_WARN_UNDECLARED_SELECTOR = YES;
				GCC_WARN_UNINITIALIZED_AUTOS = YES_AGGRESSIVE;
				GCC_WARN_UNUSED_FUNCTION = YES;
				GCC_WARN_UNUSED_VARIABLE = YES;
				IPHONEOS_DEPLOYMENT_TARGET = 12.2;
				MTL_ENABLE_DEBUG_INFO = INCLUDE_SOURCE;
				MTL_FAST_MATH = YES;
				ONLY_ACTIVE_ARCH = YES;
				SDKROOT = iphoneos;
				SWIFT_ACTIVE_COMPILATION_CONDITIONS = DEBUG;
				SWIFT_OPTIMIZATION_LEVEL = "-Onone";
			};
			name = Debug;
		};
		0ECD8A2C22D6EB52000F6A64 /* Release */ = {
			isa = XCBuildConfiguration;
			buildSettings = {
				ALWAYS_SEARCH_USER_PATHS = NO;
				CLANG_ANALYZER_NONNULL = YES;
				CLANG_ANALYZER_NUMBER_OBJECT_CONVERSION = YES_AGGRESSIVE;
				CLANG_CXX_LANGUAGE_STANDARD = "gnu++14";
				CLANG_CXX_LIBRARY = "libc++";
				CLANG_ENABLE_MODULES = YES;
				CLANG_ENABLE_OBJC_ARC = YES;
				CLANG_ENABLE_OBJC_WEAK = YES;
				CLANG_WARN_BLOCK_CAPTURE_AUTORELEASING = YES;
				CLANG_WARN_BOOL_CONVERSION = YES;
				CLANG_WARN_COMMA = YES;
				CLANG_WARN_CONSTANT_CONVERSION = YES;
				CLANG_WARN_DEPRECATED_OBJC_IMPLEMENTATIONS = YES;
				CLANG_WARN_DIRECT_OBJC_ISA_USAGE = YES_ERROR;
				CLANG_WARN_DOCUMENTATION_COMMENTS = YES;
				CLANG_WARN_EMPTY_BODY = YES;
				CLANG_WARN_ENUM_CONVERSION = YES;
				CLANG_WARN_INFINITE_RECURSION = YES;
				CLANG_WARN_INT_CONVERSION = YES;
				CLANG_WARN_NON_LITERAL_NULL_CONVERSION = YES;
				CLANG_WARN_OBJC_IMPLICIT_RETAIN_SELF = YES;
				CLANG_WARN_OBJC_LITERAL_CONVERSION = YES;
				CLANG_WARN_OBJC_ROOT_CLASS = YES_ERROR;
				CLANG_WARN_RANGE_LOOP_ANALYSIS = YES;
				CLANG_WARN_STRICT_PROTOTYPES = YES;
				CLANG_WARN_SUSPICIOUS_MOVE = YES;
				CLANG_WARN_UNGUARDED_AVAILABILITY = YES_AGGRESSIVE;
				CLANG_WARN_UNREACHABLE_CODE = YES;
				CLANG_WARN__DUPLICATE_METHOD_MATCH = YES;
				CODE_SIGN_IDENTITY = "iPhone Developer";
				COPY_PHASE_STRIP = NO;
				DEBUG_INFORMATION_FORMAT = "dwarf-with-dsym";
				ENABLE_NS_ASSERTIONS = NO;
				ENABLE_STRICT_OBJC_MSGSEND = YES;
				GCC_C_LANGUAGE_STANDARD = gnu11;
				GCC_NO_COMMON_BLOCKS = YES;
				GCC_WARN_64_TO_32_BIT_CONVERSION = YES;
				GCC_WARN_ABOUT_RETURN_TYPE = YES_ERROR;
				GCC_WARN_UNDECLARED_SELECTOR = YES;
				GCC_WARN_UNINITIALIZED_AUTOS = YES_AGGRESSIVE;
				GCC_WARN_UNUSED_FUNCTION = YES;
				GCC_WARN_UNUSED_VARIABLE = YES;
				IPHONEOS_DEPLOYMENT_TARGET = 12.2;
				MTL_ENABLE_DEBUG_INFO = NO;
				MTL_FAST_MATH = YES;
				SDKROOT = iphoneos;
				SWIFT_COMPILATION_MODE = wholemodule;
				SWIFT_OPTIMIZATION_LEVEL = "-O";
				VALIDATE_PRODUCT = YES;
			};
			name = Release;
		};
		0ECD8A2E22D6EB52000F6A64 /* Debug */ = {
			isa = XCBuildConfiguration;
			buildSettings = {
				ASSETCATALOG_COMPILER_APPICON_NAME = AppIcon;
				CODE_SIGN_STYLE = Automatic;
				INFOPLIST_FILE = try.mvvm/Info.plist;
				LD_RUNPATH_SEARCH_PATHS = (
					"$(inherited)",
					"@executable_path/Frameworks",
				);
				PRODUCT_BUNDLE_IDENTIFIER = "winch.try-mvvm";
				PRODUCT_NAME = "$(TARGET_NAME)";
				SWIFT_VERSION = 5.0;
				TARGETED_DEVICE_FAMILY = "1,2";
			};
			name = Debug;
		};
		0ECD8A2F22D6EB52000F6A64 /* Release */ = {
			isa = XCBuildConfiguration;
			buildSettings = {
				ASSETCATALOG_COMPILER_APPICON_NAME = AppIcon;
				CODE_SIGN_STYLE = Automatic;
				INFOPLIST_FILE = try.mvvm/Info.plist;
				LD_RUNPATH_SEARCH_PATHS = (
					"$(inherited)",
					"@executable_path/Frameworks",
				);
				PRODUCT_BUNDLE_IDENTIFIER = "winch.try-mvvm";
				PRODUCT_NAME = "$(TARGET_NAME)";
				SWIFT_VERSION = 5.0;
				TARGETED_DEVICE_FAMILY = "1,2";
			};
			name = Release;
		};
/* End XCBuildConfiguration section */

/* Begin XCConfigurationList section */
		0ECD8A1622D6EB4F000F6A64 /* Build configuration list for PBXProject "try.mvvm" */ = {
			isa = XCConfigurationList;
			buildConfigurations = (
				0ECD8A2B22D6EB52000F6A64 /* Debug */,
				0ECD8A2C22D6EB52000F6A64 /* Release */,
			);
			defaultConfigurationIsVisible = 0;
			defaultConfigurationName = Release;
		};
		0ECD8A2D22D6EB52000F6A64 /* Build configuration list for PBXNativeTarget "try.mvvm" */ = {
			isa = XCConfigurationList;
			buildConfigurations = (
				0ECD8A2E22D6EB52000F6A64 /* Debug */,
				0ECD8A2F22D6EB52000F6A64 /* Release */,
			);
			defaultConfigurationIsVisible = 0;
			defaultConfigurationName = Release;
		};
/* End XCConfigurationList section */
	};
	rootObject = 0ECD8A1322D6EB4F000F6A64 /* Project object */;
}
